
Microsoft Visual Studio Solution File, Format Version 12.00
# Visual Studio Version 16
VisualStudioVersion = 16.0.29709.97
MinimumVisualStudioVersion = 10.0.40219.1
Project("{FAE04EC0-301F-11D3-BF4B-00C04F79EFBC}") = "MVCDemo", "MVCDemo.csproj", "{BCB15B4E-E7DA-4D00-A8FE-AE7647229E06}"
EndProject
Global
	GlobalSection(SolutionConfigurationPlatforms) = preSolution
		Debug|Any CPU = Debug|Any CPU
		Release|Any CPU = Release|Any CPU
	EndGlobalSection
	GlobalSection(ProjectConfigurationPlatforms) = postSolution
		{BCB15B4E-E7DA-4D00-A8FE-AE7647229E06}.Debug|Any CPU.ActiveCfg = Debug|Any CPU
		{BCB15B4E-E7DA-4D00-A8FE-AE7647229E06}.Debug|Any CPU.Build.0 = Debug|Any CPU
		{BCB15B4E-E7DA-4D00-A8FE-AE7647229E06}.Release|Any CPU.ActiveCfg = Release|Any CPU
		{BCB15B4E-E7DA-4D00-A8FE-AE7647229E06}.Release|Any CPU.Build.0 = Release|Any CPU
	EndGlobalSection
	GlobalSection(SolutionProperties) = preSolution
		HideSolutionNode = FALSE
	EndGlobalSection
	GlobalSection(ExtensibilityGlobals) = postSolution
		SolutionGuid = {536EC29D-35A8-4292-9710-DCA49445D3B2}
	EndGlobalSection
EndGlobal
